
Microsoft Visual Studio Solution File, Format Version 12.00
# Visual Studio Version 16
VisualStudioVersion = 16.0.29418.71
MinimumVisualStudioVersion = 10.0.40219.1
Project("{FAE04EC0-301F-11D3-BF4B-00C04F79EFBC}") = "SAFER_OVERPOWERED", "SAFER_OVERPOWERED\SAFER_OVERPOWERED.csproj", "{1414C506-337C-403A-A0F3-F58FFE6D2713}"
EndProject
Global
	GlobalSection(SolutionConfigurationPlatforms) = preSolution
		Debug|Any CPU = Debug|Any CPU
		Release|Any CPU = Release|Any CPU
	EndGlobalSection
	GlobalSection(ProjectConfigurationPlatforms) = postSolution
		{1414C506-337C-403A-A0F3-F58FFE6D2713}.Debug|Any CPU.ActiveCfg = Debug|Any CPU
		{1414C506-337C-403A-A0F3-F58FFE6D2713}.Debug|Any CPU.Build.0 = Debug|Any CPU
		{1414C506-337C-403A-A0F3-F58FFE6D2713}.Release|Any CPU.ActiveCfg = Release|Any CPU
		{1414C506-337C-403A-A0F3-F58FFE6D2713}.Release|Any CPU.Build.0 = Release|Any CPU
	EndGlobalSection
	GlobalSection(SolutionProperties) = preSolution
		HideSolutionNode = FALSE
	EndGlobalSection
	GlobalSection(ExtensibilityGlobals) = postSolution
		SolutionGuid = {7D08C5D0-465B-4D20-8E20-FD40174C7CC9}
	EndGlobalSection
EndGlobal
